version = 1
revision = 2
requires-python = "==3.12.10"

[[package]]
name = "asgiref"
version = "3.8.1"
source = { registry = "https://pypi.org/simple" }
sdist = { url = "https://files.pythonhosted.org/packages/29/38/b3395cc9ad1b56d2ddac9970bc8f4141312dbaec28bc7c218b0dfafd0f42/asgiref-3.8.1.tar.gz", hash = "sha256:c343bd80a0bec947a9860adb4c432ffa7db769836c64238fc34bdc3fec84d590", size = 35186, upload-time = "2024-03-22T14:39:36.863Z" }
wheels = [
    { url = "https://files.pythonhosted.org/packages/39/e3/893e8757be2612e6c266d9bb58ad2e3651524b5b40cf56761e985a28b13e/asgiref-3.8.1-py3-none-any.whl", hash = "sha256:3e1e3ecc849832fe52ccf2cb6686b7a55f82bb1d6aee72a58826471390335e47", size = 23828, upload-time = "2024-03-22T14:39:34.521Z" },
]

[[package]]
name = "autopep8"
version = "2.0.2"
source = { registry = "https://pypi.org/simple" }
dependencies = [
    { name = "pycodestyle" },
]
sdist = { url = "https://files.pythonhosted.org/packages/b2/03/49cb49b37a4d51721ece9c628eb9441f9a4e26ee98ad6e5505238d5b2d7a/autopep8-2.0.2.tar.gz", hash = "sha256:f9849cdd62108cb739dbcdbfb7fdcc9a30d1b63c4cc3e1c1f893b5360941b61c", size = 116154, upload-time = "2023-03-03T09:21:40.083Z" }
wheels = [
    { url = "https://files.pythonhosted.org/packages/3c/24/4eadb64c81c10b354b0c2b6a54a3542c3ce112954cc4effff038beafb009/autopep8-2.0.2-py2.py3-none-any.whl", hash = "sha256:86e9303b5e5c8160872b2f5ef611161b2893e9bfe8ccc7e2f76385947d57a2f1", size = 45164, upload-time = "2023-03-03T09:21:38.371Z" },
]

[[package]]
name = "colorama"
version = "0.4.6"
source = { registry = "https://pypi.org/simple" }
sdist = { url = "https://files.pythonhosted.org/packages/d8/53/6f443c9a4a8358a93a6792e2acffb9d9d5cb0a5cfd8802644b7b1c9a02e4/colorama-0.4.6.tar.gz", hash = "sha256:08695f5cb7ed6e0531a20572697297273c47b8cae5a63ffc6d6ed5c201be6e44", size = 27697, upload-time = "2022-10-25T02:36:22.414Z" }
wheels = [
    { url = "https://files.pythonhosted.org/packages/d1/d6/3965ed04c63042e047cb6a3e6ed1a63a35087b6a609aa3a15ed8ac56c221/colorama-0.4.6-py2.py3-none-any.whl", hash = "sha256:4f1d9991f5acc0ca119f9d443620b77f9d6b33703e51011c16baf57afb285fc6", size = 25335, upload-time = "2022-10-25T02:36:20.889Z" },
]

[[package]]
name = "coverage"
version = "7.2.4"
source = { registry = "https://pypi.org/simple" }
sdist = { url = "https://files.pythonhosted.org/packages/78/3e/8e2d27ae0ec92d009c2906d21f15f5936cfddc5bb5660f5bb50c521c4114/coverage-7.2.4.tar.gz", hash = "sha256:7283f78d07a201ac7d9dc2ac2e4faaea99c4d302f243ee5b4e359f3e170dc008", size = 759129, upload-time = "2023-04-28T10:18:55.701Z" }

[[package]]
name = "crispy-bootstrap4"
version = "2022.1"
source = { registry = "https://pypi.org/simple" }
dependencies = [
    { name = "django" },
    { name = "django-crispy-forms" },
]
sdist = { url = "https://files.pythonhosted.org/packages/5e/be/d8203e4dacbcee891875c741eb6f1d615da2f26a1367085adf278e2929d5/crispy-bootstrap4-2022.1.tar.gz", hash = "sha256:f18386c4d96180c1bb1212487d6e8f5a3dd1a9bb58d3032183973d4d130b55f9", size = 10941, upload-time = "2022-12-17T07:31:27.836Z" }
wheels = [
    { url = "https://files.pythonhosted.org/packages/91/71/cbfa04246b137f69eefa58029e9247064284ea722ba140b07a4244cc8478/crispy_bootstrap4-2022.1-py3-none-any.whl", hash = "sha256:5241ab1dc2188c95560aa786439bcbedec7416e6b0f5a52dded82380810367ec", size = 22974, upload-time = "2022-12-17T07:31:26.408Z" },
]

[[package]]
name = "dj-database-url"
version = "2.0.0"
source = { registry = "https://pypi.org/simple" }
dependencies = [
    { name = "django" },
    { name = "typing-extensions" },
]
sdist = { url = "https://files.pythonhosted.org/packages/12/86/baa0420d364dc9b3d78198ff6a73c2f41d8997026ddb36615d07dbf4c472/dj-database-url-2.0.0.tar.gz", hash = "sha256:a35a9f0f43775ca6f90d819dc456233ef7bcc76b47377d5d908b75c7eb320624", size = 10364, upload-time = "2023-04-27T15:37:30.1Z" }
wheels = [
    { url = "https://files.pythonhosted.org/packages/6c/82/46c4560efd5117aa2a8365ed07f5267b297a1afa024411abe51e3a09fbd9/dj_database_url-2.0.0-py3-none-any.whl", hash = "sha256:9c9e5f7224f62635a787e9cc3c6762c9be2b19541a21e3c08fa573bd01609b4b", size = 7648, upload-time = "2023-04-27T15:38:03.366Z" },
]

[[package]]
name = "django"
version = "5.2"
source = { registry = "https://pypi.org/simple" }
dependencies = [
    { name = "asgiref" },
    { name = "sqlparse" },
    { name = "tzdata", marker = "sys_platform == 'win32'" },
]
sdist = { url = "https://files.pythonhosted.org/packages/4c/1b/c6da718c65228eb3a7ff7ba6a32d8e80fa840ca9057490504e099e4dd1ef/Django-5.2.tar.gz", hash = "sha256:1a47f7a7a3d43ce64570d350e008d2949abe8c7e21737b351b6a1611277c6d89", size = 10824891, upload-time = "2025-04-02T13:08:06.874Z" }
wheels = [
    { url = "https://files.pythonhosted.org/packages/63/e0/6a5b5ea350c5bd63fe94b05e4c146c18facb51229d9dee42aa39f9fc2214/Django-5.2-py3-none-any.whl", hash = "sha256:91ceed4e3a6db5aedced65e3c8f963118ea9ba753fc620831c77074e620e7d83", size = 8301361, upload-time = "2025-04-02T13:08:01.465Z" },
]

[[package]]
name = "django-crispy-forms"
version = "2.0"
source = { registry = "https://pypi.org/simple" }
dependencies = [
    { name = "django" },
]
sdist = { url = "https://files.pythonhosted.org/packages/c7/63/a6be73ce8997d02acc6890b5698a4ee95a30404fbf30b998652b30b7dec7/django-crispy-forms-2.0.tar.gz", hash = "sha256:90193b068bf948d9c68449bc8260afed1a8e2afe11ee0bac8c4ebfaeb175b322", size = 277697, upload-time = "2023-02-13T19:14:53.852Z" }
wheels = [
    { url = "https://files.pythonhosted.org/packages/dc/b4/335e9c6fbc16faf5df000533311389f141f61173c58a89e8ae655a42660c/django_crispy_forms-2.0-py3-none-any.whl", hash = "sha256:d1d4e585929058a9ab3b797666ea5b69320b9ba7937f9d146d32173246a6fd13", size = 31423, upload-time = "2023-02-13T19:14:52.387Z" },
]

[[package]]
name = "django-debug-toolbar"
version = "5.2.0"
source = { registry = "https://pypi.org/simple" }
dependencies = [
    { name = "django" },
    { name = "sqlparse" },
]
sdist = { url = "https://files.pythonhosted.org/packages/2a/9f/97ba2648f66fa208fc7f19d6895586d08bc5f0ab930a1f41032e60f31a41/django_debug_toolbar-5.2.0.tar.gz", hash = "sha256:9e7f0145e1a1b7d78fcc3b53798686170a5b472d9cf085d88121ff823e900821", size = 297901, upload-time = "2025-04-29T05:23:57.533Z" }
wheels = [
    { url = "https://files.pythonhosted.org/packages/fa/c2/ed3cb815002664349e9e50799b8c00ef15941f4cad797247cadbdeebab02/django_debug_toolbar-5.2.0-py3-none-any.whl", hash = "sha256:15627f4c2836a9099d795e271e38e8cf5204ccd79d5dbcd748f8a6c284dcd195", size = 262834, upload-time = "2025-04-29T05:23:55.472Z" },
]

[[package]]
name = "django-environ"
version = "0.12.0"
source = { registry = "https://pypi.org/simple" }
sdist = { url = "https://files.pythonhosted.org/packages/d6/04/65d2521842c42f4716225f20d8443a50804920606aec018188bbee30a6b0/django_environ-0.12.0.tar.gz", hash = "sha256:227dc891453dd5bde769c3449cf4a74b6f2ee8f7ab2361c93a07068f4179041a", size = 56804, upload-time = "2025-01-13T17:03:37.74Z" }
wheels = [
    { url = "https://files.pythonhosted.org/packages/83/b3/0a3bec4ecbfee960f39b1842c2f91e4754251e0a6ed443db9fe3f666ba8f/django_environ-0.12.0-py2.py3-none-any.whl", hash = "sha256:92fb346a158abda07ffe6eb23135ce92843af06ecf8753f43adf9d2366dcc0ca", size = 19957, upload-time = "2025-01-13T17:03:32.918Z" },
]

[[package]]
name = "django-extensions"
version = "4.1"
source = { registry = "https://pypi.org/simple" }
dependencies = [
    { name = "django" },
]
sdist = { url = "https://files.pythonhosted.org/packages/6d/b3/ed0f54ed706ec0b54fd251cc0364a249c6cd6c6ec97f04dc34be5e929eac/django_extensions-4.1.tar.gz", hash = "sha256:7b70a4d28e9b840f44694e3f7feb54f55d495f8b3fa6c5c0e5e12bcb2aa3cdeb", size = 283078, upload-time = "2025-04-11T01:15:39.617Z" }
wheels = [
    { url = "https://files.pythonhosted.org/packages/64/96/d967ca440d6a8e3861120f51985d8e5aec79b9a8bdda16041206adfe7adc/django_extensions-4.1-py3-none-any.whl", hash = "sha256:0699a7af28f2523bf8db309a80278519362cd4b6e1fd0a8cd4bf063e1e023336", size = 232980, upload-time = "2025-04-11T01:15:37.701Z" },
]

[[package]]
name = "django-local-library"
version = "0.2.0"
source = { virtual = "." }
dependencies = [
    { name = "autopep8" },
    { name = "coverage" },
    { name = "crispy-bootstrap4" },
    { name = "dj-database-url" },
    { name = "django" },
    { name = "django-crispy-forms" },
    { name = "django-environ" },
    { name = "django-extensions" },
    { name = "djangorestframework" },
    { name = "faker" },
    { name = "psycopg", extra = ["binary"] },
    { name = "psycopg2" },
    { name = "pycodestyle" },
    { name = "python-dateutil" },
    { name = "whitenoise" },
]

[package.dev-dependencies]
dev = [
    { name = "django-debug-toolbar" },
    { name = "pytest" },
]

[package.metadata]
requires-dist = [
    { name = "autopep8", specifier = "==2.0.2" },
    { name = "coverage", specifier = "==7.2.4" },
    { name = "crispy-bootstrap4", specifier = "==2022.1" },
    { name = "dj-database-url", specifier = "==2.0.0" },
    { name = "django", specifier = "==5.2" },
    { name = "django-crispy-forms", specifier = "==2.0" },
    { name = "django-environ", specifier = "==0.12.0" },
    { name = "django-extensions", specifier = "==4.1" },
    { name = "djangorestframework", specifier = "==3.14.0" },
    { name = "faker", specifier = "==18.6.0" },
    { name = "psycopg", extras = ["binary"], specifier = ">=3.2.9" },
    { name = "psycopg2", specifier = "==2.9.6" },
    { name = "pycodestyle", specifier = "==2.10.0" },
    { name = "python-dateutil", specifier = "==2.8.2" },
    { name = "whitenoise", specifier = "==6.4.0" },
]

[package.metadata.requires-dev]
dev = [
    { name = "django-debug-toolbar", specifier = ">=5.2.0" },
    { name = "pytest", specifier = ">=8.4.0" },
]

[[package]]
name = "djangorestframework"
version = "3.14.0"
source = { registry = "https://pypi.org/simple" }
dependencies = [
    { name = "django" },
    { name = "pytz" },
]
sdist = { url = "https://files.pythonhosted.org/packages/8e/53/5b2a002c5ebafd60dff1e1945a7d63dee40155830997439a9ba324f0fd50/djangorestframework-3.14.0.tar.gz", hash = "sha256:579a333e6256b09489cbe0a067e66abe55c6595d8926be6b99423786334350c8", size = 1055343, upload-time = "2022-09-22T11:38:44.245Z" }
wheels = [
    { url = "https://files.pythonhosted.org/packages/ff/4b/3b46c0914ba4b7546a758c35fdfa8e7f017fcbe7f23c878239e93623337a/djangorestframework-3.14.0-py3-none-any.whl", hash = "sha256:eb63f58c9f218e1a7d064d17a70751f528ed4e1d35547fdade9aaf4cd103fd08", size = 1062761, upload-time = "2022-09-22T11:38:41.825Z" },
]

[[package]]
name = "faker"
version = "18.6.0"
source = { registry = "https://pypi.org/simple" }
dependencies = [
    { name = "python-dateutil" },
]
sdist = { url = "https://files.pythonhosted.org/packages/22/cd/72893a69f7382a0d8459d6aaa643c8c1da1a47e19beb8f467edbf2929229/Faker-18.6.0.tar.gz", hash = "sha256:ac903ba8cb5adbce2cdd15e5536118d484bbe01126f3c774dd9f6df77b61232d", size = 1664811, upload-time = "2023-04-27T15:13:14.145Z" }
wheels = [
    { url = "https://files.pythonhosted.org/packages/35/7f/6b21c8a3b49f1d7ed1836a5fcf07dceff21682028000c941cde3ae6cd751/Faker-18.6.0-py3-none-any.whl", hash = "sha256:49060d40e6659e116f53353c5771ad2f2cbcd12b15771f49e3000a3a451f13ec", size = 1705208, upload-time = "2023-04-27T15:13:10.25Z" },
]

[[package]]
name = "iniconfig"
version = "2.1.0"
source = { registry = "https://pypi.org/simple" }
sdist = { url = "https://files.pythonhosted.org/packages/f2/97/ebf4da567aa6827c909642694d71c9fcf53e5b504f2d96afea02718862f3/iniconfig-2.1.0.tar.gz", hash = "sha256:3abbd2e30b36733fee78f9c7f7308f2d0050e88f0087fd25c2645f63c773e1c7", size = 4793, upload-time = "2025-03-19T20:09:59.721Z" }
wheels = [
    { url = "https://files.pythonhosted.org/packages/2c/e1/e6716421ea10d38022b952c159d5161ca1193197fb744506875fbb87ea7b/iniconfig-2.1.0-py3-none-any.whl", hash = "sha256:9deba5723312380e77435581c6bf4935c94cbfab9b1ed33ef8d238ea168eb760", size = 6050, upload-time = "2025-03-19T20:10:01.071Z" },
]

[[package]]
name = "packaging"
version = "25.0"
source = { registry = "https://pypi.org/simple" }
sdist = { url = "https://files.pythonhosted.org/packages/a1/d4/1fc4078c65507b51b96ca8f8c3ba19e6a61c8253c72794544580a7b6c24d/packaging-25.0.tar.gz", hash = "sha256:d443872c98d677bf60f6a1f2f8c1cb748e8fe762d2bf9d3148b5599295b0fc4f", size = 165727, upload-time = "2025-04-19T11:48:59.673Z" }
wheels = [
    { url = "https://files.pythonhosted.org/packages/20/12/38679034af332785aac8774540895e234f4d07f7545804097de4b666afd8/packaging-25.0-py3-none-any.whl", hash = "sha256:29572ef2b1f17581046b3a2227d5c611fb25ec70ca1ba8554b24b0e69331a484", size = 66469, upload-time = "2025-04-19T11:48:57.875Z" },
]

[[package]]
name = "pluggy"
version = "1.6.0"
source = { registry = "https://pypi.org/simple" }
sdist = { url = "https://files.pythonhosted.org/packages/f9/e2/3e91f31a7d2b083fe6ef3fa267035b518369d9511ffab804f839851d2779/pluggy-1.6.0.tar.gz", hash = "sha256:7dcc130b76258d33b90f61b658791dede3486c3e6bfb003ee5c9bfb396dd22f3", size = 69412, upload-time = "2025-05-15T12:30:07.975Z" }
wheels = [
    { url = "https://files.pythonhosted.org/packages/54/20/4d324d65cc6d9205fabedc306948156824eb9f0ee1633355a8f7ec5c66bf/pluggy-1.6.0-py3-none-any.whl", hash = "sha256:e920276dd6813095e9377c0bc5566d94c932c33b27a3e3945d8389c374dd4746", size = 20538, upload-time = "2025-05-15T12:30:06.134Z" },
]

[[package]]
name = "psycopg"
version = "3.2.9"
source = { registry = "https://pypi.org/simple" }
dependencies = [
    { name = "typing-extensions" },
    { name = "tzdata", marker = "sys_platform == 'win32'" },
]
sdist = { url = "https://files.pythonhosted.org/packages/27/4a/93a6ab570a8d1a4ad171a1f4256e205ce48d828781312c0bbaff36380ecb/psycopg-3.2.9.tar.gz", hash = "sha256:2fbb46fcd17bc81f993f28c47f1ebea38d66ae97cc2dbc3cad73b37cefbff700", size = 158122, upload-time = "2025-05-13T16:11:15.533Z" }
wheels = [
    { url = "https://files.pythonhosted.org/packages/44/b0/a73c195a56eb6b92e937a5ca58521a5c3346fb233345adc80fd3e2f542e2/psycopg-3.2.9-py3-none-any.whl", hash = "sha256:01a8dadccdaac2123c916208c96e06631641c0566b22005493f09663c7a8d3b6", size = 202705, upload-time = "2025-05-13T16:06:26.584Z" },
]

[package.optional-dependencies]
binary = [
    { name = "psycopg-binary", marker = "implementation_name != 'pypy'" },
]

[[package]]
name = "psycopg-binary"
version = "3.2.9"
source = { registry = "https://pypi.org/simple" }
wheels = [
    { url = "https://files.pythonhosted.org/packages/29/6f/ec9957e37a606cd7564412e03f41f1b3c3637a5be018d0849914cb06e674/psycopg_binary-3.2.9-cp312-cp312-macosx_10_13_x86_64.whl", hash = "sha256:be7d650a434921a6b1ebe3fff324dbc2364393eb29d7672e638ce3e21076974e", size = 4022205, upload-time = "2025-05-13T16:07:48.195Z" },
    { url = "https://files.pythonhosted.org/packages/6b/ba/497b8bea72b20a862ac95a94386967b745a472d9ddc88bc3f32d5d5f0d43/psycopg_binary-3.2.9-cp312-cp312-macosx_11_0_arm64.whl", hash = "sha256:6a76b4722a529390683c0304501f238b365a46b1e5fb6b7249dbc0ad6fea51a0", size = 4083795, upload-time = "2025-05-13T16:07:50.917Z" },
    { url = "https://files.pythonhosted.org/packages/42/07/af9503e8e8bdad3911fd88e10e6a29240f9feaa99f57d6fac4a18b16f5a0/psycopg_binary-3.2.9-cp312-cp312-manylinux_2_17_aarch64.manylinux2014_aarch64.whl", hash = "sha256:96a551e4683f1c307cfc3d9a05fec62c00a7264f320c9962a67a543e3ce0d8ff", size = 4655043, upload-time = "2025-05-13T16:07:54.857Z" },
    { url = "https://files.pythonhosted.org/packages/28/ed/aff8c9850df1648cc6a5cc7a381f11ee78d98a6b807edd4a5ae276ad60ad/psycopg_binary-3.2.9-cp312-cp312-manylinux_2_17_i686.manylinux2014_i686.whl", hash = "sha256:61d0a6ceed8f08c75a395bc28cb648a81cf8dee75ba4650093ad1a24a51c8724", size = 4477972, upload-time = "2025-05-13T16:07:57.925Z" },
    { url = "https://files.pythonhosted.org/packages/5c/bd/8e9d1b77ec1a632818fe2f457c3a65af83c68710c4c162d6866947d08cc5/psycopg_binary-3.2.9-cp312-cp312-manylinux_2_17_ppc64le.manylinux2014_ppc64le.whl", hash = "sha256:ad280bbd409bf598683dda82232f5215cfc5f2b1bf0854e409b4d0c44a113b1d", size = 4737516, upload-time = "2025-05-13T16:08:01.616Z" },
    { url = "https://files.pythonhosted.org/packages/46/ec/222238f774cd5a0881f3f3b18fb86daceae89cc410f91ef6a9fb4556f236/psycopg_binary-3.2.9-cp312-cp312-manylinux_2_17_x86_64.manylinux2014_x86_64.whl", hash = "sha256:76eddaf7fef1d0994e3d536ad48aa75034663d3a07f6f7e3e601105ae73aeff6", size = 4436160, upload-time = "2025-05-13T16:08:04.278Z" },
    { url = "https://files.pythonhosted.org/packages/37/78/af5af2a1b296eeca54ea7592cd19284739a844974c9747e516707e7b3b39/psycopg_binary-3.2.9-cp312-cp312-musllinux_1_2_aarch64.whl", hash = "sha256:52e239cd66c4158e412318fbe028cd94b0ef21b0707f56dcb4bdc250ee58fd40", size = 3753518, upload-time = "2025-05-13T16:08:07.567Z" },
    { url = "https://files.pythonhosted.org/packages/ec/ac/8a3ed39ea069402e9e6e6a2f79d81a71879708b31cc3454283314994b1ae/psycopg_binary-3.2.9-cp312-cp312-musllinux_1_2_i686.whl", hash = "sha256:08bf9d5eabba160dd4f6ad247cf12f229cc19d2458511cab2eb9647f42fa6795", size = 3313598, upload-time = "2025-05-13T16:08:09.999Z" },
    { url = "https://files.pythonhosted.org/packages/da/43/26549af068347c808fbfe5f07d2fa8cef747cfff7c695136172991d2378b/psycopg_binary-3.2.9-cp312-cp312-musllinux_1_2_ppc64le.whl", hash = "sha256:1b2cf018168cad87580e67bdde38ff5e51511112f1ce6ce9a8336871f465c19a", size = 3407289, upload-time = "2025-05-13T16:08:12.66Z" },
    { url = "https://files.pythonhosted.org/packages/67/55/ea8d227c77df8e8aec880ded398316735add8fda5eb4ff5cc96fac11e964/psycopg_binary-3.2.9-cp312-cp312-musllinux_1_2_x86_64.whl", hash = "sha256:14f64d1ac6942ff089fc7e926440f7a5ced062e2ed0949d7d2d680dc5c00e2d4", size = 3472493, upload-time = "2025-05-13T16:08:15.672Z" },
    { url = "https://files.pythonhosted.org/packages/3c/02/6ff2a5bc53c3cd653d281666728e29121149179c73fddefb1e437024c192/psycopg_binary-3.2.9-cp312-cp312-win_amd64.whl", hash = "sha256:7a838852e5afb6b4126f93eb409516a8c02a49b788f4df8b6469a40c2157fa21", size = 2927400, upload-time = "2025-05-13T16:08:18.652Z" },
]

[[package]]
name = "psycopg2"
version = "2.9.6"
source = { registry = "https://pypi.org/simple" }
sdist = { url = "https://files.pythonhosted.org/packages/af/c4/5726cddb53fe52f0e839eb3da04322364f14493217ebd5818cc5e4c948a5/psycopg2-2.9.6.tar.gz", hash = "sha256:f15158418fd826831b28585e2ab48ed8df2d0d98f502a2b4fe619e7d5ca29011", size = 383979, upload-time = "2023-04-03T11:36:37.244Z" }

[[package]]
name = "pycodestyle"
version = "2.10.0"
source = { registry = "https://pypi.org/simple" }
sdist = { url = "https://files.pythonhosted.org/packages/06/6b/5ca0d12ef7dcf7d20dfa35287d02297f3e0f9e515da5183654c03a9636ce/pycodestyle-2.10.0.tar.gz", hash = "sha256:347187bdb476329d98f695c213d7295a846d1152ff4fe9bacb8a9590b8ee7053", size = 101916, upload-time = "2022-11-23T18:27:28.377Z" }
wheels = [
    { url = "https://files.pythonhosted.org/packages/a2/54/001fdc0d69e8d0bb86c3423a6fa6dfada8cc26317c2635ab543e9ac411bd/pycodestyle-2.10.0-py2.py3-none-any.whl", hash = "sha256:8a4eaf0d0495c7395bdab3589ac2db602797d76207242c17d470186815706610", size = 41276, upload-time = "2022-11-23T18:27:26.474Z" },
]

[[package]]
name = "pygments"
version = "2.19.1"
source = { registry = "https://pypi.org/simple" }
sdist = { url = "https://files.pythonhosted.org/packages/7c/2d/c3338d48ea6cc0feb8446d8e6937e1408088a72a39937982cc6111d17f84/pygments-2.19.1.tar.gz", hash = "sha256:61c16d2a8576dc0649d9f39e089b5f02bcd27fba10d8fb4dcc28173f7a45151f", size = 4968581, upload-time = "2025-01-06T17:26:30.443Z" }
wheels = [
    { url = "https://files.pythonhosted.org/packages/8a/0b/9fcc47d19c48b59121088dd6da2488a49d5f72dacf8262e2790a1d2c7d15/pygments-2.19.1-py3-none-any.whl", hash = "sha256:9ea1544ad55cecf4b8242fab6dd35a93bbce657034b0611ee383099054ab6d8c", size = 1225293, upload-time = "2025-01-06T17:26:25.553Z" },
]

[[package]]
name = "pytest"
version = "8.4.0"
source = { registry = "https://pypi.org/simple" }
dependencies = [
    { name = "colorama", marker = "sys_platform == 'win32'" },
    { name = "iniconfig" },
    { name = "packaging" },
    { name = "pluggy" },
    { name = "pygments" },
]
sdist = { url = "https://files.pythonhosted.org/packages/fb/aa/405082ce2749be5398045152251ac69c0f3578c7077efc53431303af97ce/pytest-8.4.0.tar.gz", hash = "sha256:14d920b48472ea0dbf68e45b96cd1ffda4705f33307dcc86c676c1b5104838a6", size = 1515232, upload-time = "2025-06-02T17:36:30.03Z" }
wheels = [
    { url = "https://files.pythonhosted.org/packages/2f/de/afa024cbe022b1b318a3d224125aa24939e99b4ff6f22e0ba639a2eaee47/pytest-8.4.0-py3-none-any.whl", hash = "sha256:f40f825768ad76c0977cbacdf1fd37c6f7a468e460ea6a0636078f8972d4517e", size = 363797, upload-time = "2025-06-02T17:36:27.859Z" },
]

[[package]]
name = "python-dateutil"
version = "2.8.2"
source = { registry = "https://pypi.org/simple" }
dependencies = [
    { name = "six" },
]
sdist = { url = "https://files.pythonhosted.org/packages/4c/c4/13b4776ea2d76c115c1d1b84579f3764ee6d57204f6be27119f13a61d0a9/python-dateutil-2.8.2.tar.gz", hash = "sha256:0123cacc1627ae19ddf3c27a5de5bd67ee4586fbdd6440d9748f8abb483d3e86", size = 357324, upload-time = "2021-07-14T08:19:19.783Z" }
wheels = [
    { url = "https://files.pythonhosted.org/packages/36/7a/87837f39d0296e723bb9b62bbb257d0355c7f6128853c78955f57342a56d/python_dateutil-2.8.2-py2.py3-none-any.whl", hash = "sha256:961d03dc3453ebbc59dbdea9e4e11c5651520a876d0f4db161e8674aae935da9", size = 247702, upload-time = "2021-07-14T08:19:18.161Z" },
]

[[package]]
name = "pytz"
version = "2023.3"
source = { registry = "https://pypi.org/simple" }
sdist = { url = "https://files.pythonhosted.org/packages/5e/32/12032aa8c673ee16707a9b6cdda2b09c0089131f35af55d443b6a9c69c1d/pytz-2023.3.tar.gz", hash = "sha256:1d8ce29db189191fb55338ee6d0387d82ab59f3d00eac103412d64e0ebd0c588", size = 317095, upload-time = "2023-03-29T04:23:28.655Z" }
wheels = [
    { url = "https://files.pythonhosted.org/packages/7f/99/ad6bd37e748257dd70d6f85d916cafe79c0b0f5e2e95b11f7fbc82bf3110/pytz-2023.3-py2.py3-none-any.whl", hash = "sha256:a151b3abb88eda1d4e34a9814df37de2a80e301e68ba0fd856fb9b46bfbbbffb", size = 502345, upload-time = "2023-03-29T04:23:25.307Z" },
]

[[package]]
name = "six"
version = "1.16.0"
source = { registry = "https://pypi.org/simple" }
sdist = { url = "https://files.pythonhosted.org/packages/71/39/171f1c67cd00715f190ba0b100d606d440a28c93c7714febeca8b79af85e/six-1.16.0.tar.gz", hash = "sha256:1e61c37477a1626458e36f7b1d82aa5c9b094fa4802892072e49de9c60c4c926", size = 34041, upload-time = "2021-05-05T14:18:18.379Z" }
wheels = [
    { url = "https://files.pythonhosted.org/packages/d9/5a/e7c31adbe875f2abbb91bd84cf2dc52d792b5a01506781dbcf25c91daf11/six-1.16.0-py2.py3-none-any.whl", hash = "sha256:8abb2f1d86890a2dfb989f9a77cfcfd3e47c2a354b01111771326f8aa26e0254", size = 11053, upload-time = "2021-05-05T14:18:17.237Z" },
]

[[package]]
name = "sqlparse"
version = "0.4.4"
source = { registry = "https://pypi.org/simple" }
sdist = { url = "https://files.pythonhosted.org/packages/65/16/10f170ec641ed852611b6c9441b23d10b5702ab5288371feab3d36de2574/sqlparse-0.4.4.tar.gz", hash = "sha256:d446183e84b8349fa3061f0fe7f06ca94ba65b426946ffebe6e3e8295332420c", size = 72383, upload-time = "2023-04-18T08:30:41.994Z" }
wheels = [
    { url = "https://files.pythonhosted.org/packages/98/5a/66d7c9305baa9f11857f247d4ba761402cea75db6058ff850ed7128957b7/sqlparse-0.4.4-py3-none-any.whl", hash = "sha256:5430a4fe2ac7d0f93e66f1efc6e1338a41884b7ddf2a350cedd20ccc4d9d28f3", size = 41183, upload-time = "2023-04-18T08:30:36.96Z" },
]

[[package]]
name = "typing-extensions"
version = "4.14.0"
source = { registry = "https://pypi.org/simple" }
sdist = { url = "https://files.pythonhosted.org/packages/d1/bc/51647cd02527e87d05cb083ccc402f93e441606ff1f01739a62c8ad09ba5/typing_extensions-4.14.0.tar.gz", hash = "sha256:8676b788e32f02ab42d9e7c61324048ae4c6d844a399eebace3d4979d75ceef4", size = 107423, upload-time = "2025-06-02T14:52:11.399Z" }
wheels = [
    { url = "https://files.pythonhosted.org/packages/69/e0/552843e0d356fbb5256d21449fa957fa4eff3bbc135a74a691ee70c7c5da/typing_extensions-4.14.0-py3-none-any.whl", hash = "sha256:a1514509136dd0b477638fc68d6a91497af5076466ad0fa6c338e44e359944af", size = 43839, upload-time = "2025-06-02T14:52:10.026Z" },
]

[[package]]
name = "tzdata"
version = "2023.3"
source = { registry = "https://pypi.org/simple" }
sdist = { url = "https://files.pythonhosted.org/packages/70/e5/81f99b9fced59624562ab62a33df639a11b26c582be78864b339dafa420d/tzdata-2023.3.tar.gz", hash = "sha256:11ef1e08e54acb0d4f95bdb1be05da659673de4acbd21bf9c69e94cc5e907a3a", size = 187483, upload-time = "2023-03-29T01:41:04.086Z" }
wheels = [
    { url = "https://files.pythonhosted.org/packages/d5/fb/a79efcab32b8a1f1ddca7f35109a50e4a80d42ac1c9187ab46522b2407d7/tzdata-2023.3-py2.py3-none-any.whl", hash = "sha256:7e65763eef3120314099b6939b5546db7adce1e7d6f2e179e3df563c70511eda", size = 341835, upload-time = "2023-03-29T01:41:02.776Z" },
]

[[package]]
name = "whitenoise"
version = "6.4.0"
source = { registry = "https://pypi.org/simple" }
sdist = { url = "https://files.pythonhosted.org/packages/77/76/3e0c97bf1b842c738d46049be09f2a1f0d7267b0fc9739968529e3c58a6c/whitenoise-6.4.0.tar.gz", hash = "sha256:a02d6660ad161ff17e3042653c8e3f5ecbb2a2481a006bde125b9efb9a30113a", size = 24965, upload-time = "2023-02-25T07:25:42.931Z" }
wheels = [
    { url = "https://files.pythonhosted.org/packages/4d/25/03924d8387e91b44e88abfa16e8d0d197b04dbf7cce2e53b9ecccc5792bf/whitenoise-6.4.0-py3-none-any.whl", hash = "sha256:599dc6ca57e48929dfeffb2e8e187879bfe2aed0d49ca419577005b7f2cc930b", size = 19841, upload-time = "2023-02-25T07:25:41.652Z" },
]
